// !$*UTF8*$!
{
	archiveVersion = 1;
	classes = {
	};
	objectVersion = 50;
	objects = {

/* Begin PBXBuildFile section */
		138363D524D5D80100F1A772 /* AppDelegate.m in Sources */ = {isa = PBXBuildFile; fileRef = 138363D424D5D80100F1A772 /* AppDelegate.m */; };
		138363DB24D5D80100F1A772 /* ViewController.m in Sources */ = {isa = PBXBuildFile; fileRef = 138363DA24D5D80100F1A772 /* ViewController.m */; };
		138363DE24D5D80100F1A772 /* Main.storyboard in Resources */ = {isa = PBXBuildFile; fileRef = 138363DC24D5D80100F1A772 /* Main.storyboard */; };
		138363E024D5D80A00F1A772 /* Assets.xcassets in Resources */ = {isa = PBXBuildFile; fileRef = 138363DF24D5D80A00F1A772 /* Assets.xcassets */; };
		138363E324D5D80A00F1A772 /* LaunchScreen.storyboard in Resources */ = {isa = PBXBuildFile; fileRef = 138363E124D5D80A00F1A772 /* LaunchScreen.storyboard */; };
		138363E624D5D80A00F1A772 /* main.m in Sources */ = {isa = PBXBuildFile; fileRef = 138363E524D5D80A00F1A772 /* main.m */; };
		138363EE24D5D85F00F1A772 /* GCView.m in Sources */ = {isa = PBXBuildFile; fileRef = 138363ED24D5D85F00F1A772 /* GCView.m */; };
		138363F024D5DA3800F1A772 /* shaderv.glsl in Resources */ = {isa = PBXBuildFile; fileRef = 138363EF24D5DA3800F1A772 /* shaderv.glsl */; };
		138363F224D5DA4900F1A772 /* shaderf.glsl in Resources */ = {isa = PBXBuildFile; fileRef = 138363F124D5DA4900F1A772 /* shaderf.glsl */; };
		138363FA24D5DBFF00F1A772 /* GLESUtils.m in Sources */ = {isa = PBXBuildFile; fileRef = 138363F424D5DBFE00F1A772 /* GLESUtils.m */; };
		138363FB24D5DBFF00F1A772 /* GLESMath.c in Sources */ = {isa = PBXBuildFile; fileRef = 138363F624D5DBFE00F1A772 /* GLESMath.c */; };
/* End PBXBuildFile section */

/* Begin PBXFileReference section */
		138363D024D5D80100F1A772 /* OpenGL_ES_005.app */ = {isa = PBXFileReference; explicitFileType = wrapper.application; includeInIndex = 0; path = OpenGL_ES_005.app; sourceTree = BUILT_PRODUCTS_DIR; };
		138363D324D5D80100F1A772 /* AppDelegate.h */ = {isa = PBXFileReference; lastKnownFileType = sourcecode.c.h; path = AppDelegate.h; sourceTree = "<group>"; };
		138363D424D5D80100F1A772 /* AppDelegate.m */ = {isa = PBXFileReference; lastKnownFileType = sourcecode.c.objc; path = AppDelegate.m; sourceTree = "<group>"; };
		138363D924D5D80100F1A772 /* ViewController.h */ = {isa = PBXFileReference; lastKnownFileType = sourcecode.c.h; path = ViewController.h; sourceTree = "<group>"; };
		138363DA24D5D80100F1A772 /* ViewController.m */ = {isa = PBXFileReference; lastKnownFileType = sourcecode.c.objc; path = ViewController.m; sourceTree = "<group>"; };
		138363DD24D5D80100F1A772 /* Base */ = {isa = PBXFileReference; lastKnownFileType = file.storyboard; name = Base; path = Base.lproj/Main.storyboard; sourceTree = "<group>"; };
		138363DF24D5D80A00F1A772 /* Assets.xcassets */ = {isa = PBXFileReference; lastKnownFileType = folder.assetcatalog; path = Assets.xcassets; sourceTree = "<group>"; };
		138363E224D5D80A00F1A772 /* Base */ = {isa = PBXFileReference; lastKnownFileType = file.storyboard; name = Base; path = Base.lproj/LaunchScreen.storyboard; sourceTree = "<group>"; };
		138363E424D5D80A00F1A772 /* Info.plist */ = {isa = PBXFileReference; lastKnownFileType = text.plist.xml; path = Info.plist; sourceTree = "<group>"; };
		138363E524D5D80A00F1A772 /* main.m */ = {isa = PBXFileReference; lastKnownFileType = sourcecode.c.objc; path = main.m; sourceTree = "<group>"; };
		138363EC24D5D85F00F1A772 /* GCView.h */ = {isa = PBXFileReference; lastKnownFileType = sourcecode.c.h; path = GCView.h; sourceTree = "<group>"; };
		138363ED24D5D85F00F1A772 /* GCView.m */ = {isa = PBXFileReference; lastKnownFileType = sourcecode.c.objc; path = GCView.m; sourceTree = "<group>"; };
		138363EF24D5DA3800F1A772 /* shaderv.glsl */ = {isa = PBXFileReference; lastKnownFileType = text; path = shaderv.glsl; sourceTree = "<group>"; };
		138363F124D5DA4900F1A772 /* shaderf.glsl */ = {isa = PBXFileReference; lastKnownFileType = text; path = shaderf.glsl; sourceTree = "<group>"; };
		138363F424D5DBFE00F1A772 /* GLESUtils.m */ = {isa = PBXFileReference; fileEncoding = 4; lastKnownFileType = sourcecode.c.objc; path = GLESUtils.m; sourceTree = "<group>"; };
		138363F524D5DBFE00F1A772 /* Quaternion.h */ = {isa = PBXFileReference; fileEncoding = 4; lastKnownFileType = sourcecode.c.h; path = Quaternion.h; sourceTree = "<group>"; };
		138363F624D5DBFE00F1A772 /* GLESMath.c */ = {isa = PBXFileReference; fileEncoding = 4; lastKnownFileType = sourcecode.c.c; path = GLESMath.c; sourceTree = "<group>"; };
		138363F724D5DBFE00F1A772 /* GLESUtils.h */ = {isa = PBXFileReference; fileEncoding = 4; lastKnownFileType = sourcecode.c.h; path = GLESUtils.h; sourceTree = "<group>"; };
		138363F824D5DBFF00F1A772 /* Vector.h */ = {isa = PBXFileReference; fileEncoding = 4; lastKnownFileType = sourcecode.c.h; path = Vector.h; sourceTree = "<group>"; };
		138363F924D5DBFF00F1A772 /* GLESMath.h */ = {isa = PBXFileReference; fileEncoding = 4; lastKnownFileType = sourcecode.c.h; path = GLESMath.h; sourceTree = "<group>"; };
/* End PBXFileReference section */

/* Begin PBXFrameworksBuildPhase section */
		138363CD24D5D80100F1A772 /* Frameworks */ = {
			isa = PBXFrameworksBuildPhase;
			buildActionMask = 2147483647;
			files = (
			);
			runOnlyForDeploymentPostprocessing = 0;
		};
/* End PBXFrameworksBuildPhase section */

/* Begin PBXGroup section */
		138363C724D5D80100F1A772 = {
			isa = PBXGroup;
			children = (
				138363D224D5D80100F1A772 /* OpenGL_ES_005 */,
				138363D124D5D80100F1A772 /* Products */,
			);
			sourceTree = "<group>";
		};
		138363D124D5D80100F1A772 /* Products */ = {
			isa = PBXGroup;
			children = (
				138363D024D5D80100F1A772 /* OpenGL_ES_005.app */,
			);
			name = Products;
			sourceTree = "<group>";
		};
		138363D224D5D80100F1A772 /* OpenGL_ES_005 */ = {
			isa = PBXGroup;
			children = (
				138363F324D5DBFE00F1A772 /* Utils */,
				138363D324D5D80100F1A772 /* AppDelegate.h */,
				138363D424D5D80100F1A772 /* AppDelegate.m */,
				138363D924D5D80100F1A772 /* ViewController.h */,
				138363DA24D5D80100F1A772 /* ViewController.m */,
				138363EC24D5D85F00F1A772 /* GCView.h */,
				138363ED24D5D85F00F1A772 /* GCView.m */,
				138363EF24D5DA3800F1A772 /* shaderv.glsl */,
				138363F124D5DA4900F1A772 /* shaderf.glsl */,
				138363DC24D5D80100F1A772 /* Main.storyboard */,
				138363DF24D5D80A00F1A772 /* Assets.xcassets */,
				138363E124D5D80A00F1A772 /* LaunchScreen.storyboard */,
				138363E424D5D80A00F1A772 /* Info.plist */,
				138363E524D5D80A00F1A772 /* main.m */,
			);
			path = OpenGL_ES_005;
			sourceTree = "<group>";
		};
		138363F324D5DBFE00F1A772 /* Utils */ = {
			isa = PBXGroup;
			children = (
				138363F424D5DBFE00F1A772 /* GLESUtils.m */,
				138363F524D5DBFE00F1A772 /* Quaternion.h */,
				138363F624D5DBFE00F1A772 /* GLESMath.c */,
				138363F724D5DBFE00F1A772 /* GLESUtils.h */,
				138363F824D5DBFF00F1A772 /* Vector.h */,
				138363F924D5DBFF00F1A772 /* GLESMath.h */,
			);
			path = Utils;
			sourceTree = "<group>";
		};
/* End PBXGroup section */

/* Begin PBXNativeTarget section */
		138363CF24D5D80100F1A772 /* OpenGL_ES_005 */ = {
			isa = PBXNativeTarget;
			buildConfigurationList = 138363E924D5D80A00F1A772 /* Build configuration list for PBXNativeTarget "OpenGL_ES_005" */;
			buildPhases = (
				138363CC24D5D80100F1A772 /* Sources */,
				138363CD24D5D80100F1A772 /* Frameworks */,
				138363CE24D5D80100F1A772 /* Resources */,
			);
			buildRules = (
			);
			dependencies = (
			);
			name = OpenGL_ES_005;
			productName = OpenGL_ES_005;
			productReference = 138363D024D5D80100F1A772 /* OpenGL_ES_005.app */;
			productType = "com.apple.product-type.application";
		};
/* End PBXNativeTarget section */

/* Begin PBXProject section */
		138363C824D5D80100F1A772 /* Project object */ = {
			isa = PBXProject;
			attributes = {
				LastUpgradeCheck = 1160;
				ORGANIZATIONNAME = GhostClock;
				TargetAttributes = {
					138363CF24D5D80100F1A772 = {
						CreatedOnToolsVersion = 11.6;
					};
				};
			};
			buildConfigurationList = 138363CB24D5D80100F1A772 /* Build configuration list for PBXProject "OpenGL_ES_005" */;
			compatibilityVersion = "Xcode 9.3";
			developmentRegion = en;
			hasScannedForEncodings = 0;
			knownRegions = (
				en,
				Base,
			);
			mainGroup = 138363C724D5D80100F1A772;
			productRefGroup = 138363D124D5D80100F1A772 /* Products */;
			projectDirPath = "";
			projectRoot = "";
			targets = (
				138363CF24D5D80100F1A772 /* OpenGL_ES_005 */,
			);
		};
/* End PBXProject section */

/* Begin PBXResourcesBuildPhase section */
		138363CE24D5D80100F1A772 /* Resources */ = {
			isa = PBXResourcesBuildPhase;
			buildActionMask = 2147483647;
			files = (
				138363E324D5D80A00F1A772 /* LaunchScreen.storyboard in Resources */,
				138363F024D5DA3800F1A772 /* shaderv.glsl in Resources */,
				138363E024D5D80A00F1A772 /* Assets.xcassets in Resources */,
				138363DE24D5D80100F1A772 /* Main.storyboard in Resources */,
				138363F224D5DA4900F1A772 /* shaderf.glsl in Resources */,
			);
			runOnlyForDeploymentPostprocessing = 0;
		};
/* End PBXResourcesBuildPhase section */

/* Begin PBXSourcesBuildPhase section */
		138363CC24D5D80100F1A772 /* Sources */ = {
			isa = PBXSourcesBuildPhase;
			buildActionMask = 2147483647;
			files = (
				138363EE24D5D85F00F1A772 /* GCView.m in Sources */,
				138363DB24D5D80100F1A772 /* ViewController.m in Sources */,
				138363FA24D5DBFF00F1A772 /* GLESUtils.m in Sources */,
				138363D524D5D80100F1A772 /* AppDelegate.m in Sources */,
				138363FB24D5DBFF00F1A772 /* GLESMath.c in Sources */,
				138363E624D5D80A00F1A772 /* main.m in Sources */,
			);
			runOnlyForDeploymentPostprocessing = 0;
		};
/* End PBXSourcesBuildPhase section */

/* Begin PBXVariantGroup section */
		138363DC24D5D80100F1A772 /* Main.storyboard */ = {
			isa = PBXVariantGroup;
			children = (
				138363DD24D5D80100F1A772 /* Base */,
			);
			name = Main.storyboard;
			sourceTree = "<group>";
		};
		138363E124D5D80A00F1A772 /* LaunchScreen.storyboard */ = {
			isa = PBXVariantGroup;
			children = (
				138363E224D5D80A00F1A772 /* Base */,
			);
			name = LaunchScreen.storyboard;
			sourceTree = "<group>";
		};
/* End PBXVariantGroup section */

/* Begin XCBuildConfiguration section */
		138363E724D5D80A00F1A772 /* Debug */ = {
			isa = XCBuildConfiguration;
			buildSettings = {
				ALWAYS_SEARCH_USER_PATHS = NO;
				CLANG_ANALYZER_NONNULL = YES;
				CLANG_ANALYZER_NUMBER_OBJECT_CONVERSION = YES_AGGRESSIVE;
				CLANG_CXX_LANGUAGE_STANDARD = "gnu++14";
				CLANG_CXX_LIBRARY = "libc++";
				CLANG_ENABLE_MODULES = YES;
				CLANG_ENABLE_OBJC_ARC = YES;
				CLANG_ENABLE_OBJC_WEAK = YES;
				CLANG_WARN_BLOCK_CAPTURE_AUTORELEASING = YES;
				CLANG_WARN_BOOL_CONVERSION = YES;
				CLANG_WARN_COMMA = YES;
				CLANG_WARN_CONSTANT_CONVERSION = YES;
				CLANG_WARN_DEPRECATED_OBJC_IMPLEMENTATIONS = YES;
				CLANG_WARN_DIRECT_OBJC_ISA_USAGE = YES_ERROR;
				CLANG_WARN_DOCUMENTATION_COMMENTS = YES;
				CLANG_WARN_EMPTY_BODY = YES;
				CLANG_WARN_ENUM_CONVERSION = YES;
				CLANG_WARN_INFINITE_RECURSION = YES;
				CLANG_WARN_INT_CONVERSION = YES;
				CLANG_WARN_NON_LITERAL_NULL_CONVERSION = YES;
				CLANG_WARN_OBJC_IMPLICIT_RETAIN_SELF = YES;
				CLANG_WARN_OBJC_LITERAL_CONVERSION = YES;
				CLANG_WARN_OBJC_ROOT_CLASS = YES_ERROR;
				CLANG_WARN_RANGE_LOOP_ANALYSIS = YES;
				CLANG_WARN_STRICT_PROTOTYPES = YES;
				CLANG_WARN_SUSPICIOUS_MOVE = YES;
				CLANG_WARN_UNGUARDED_AVAILABILITY = YES_AGGRESSIVE;
				CLANG_WARN_UNREACHABLE_CODE = YES;
				CLANG_WARN__DUPLICATE_METHOD_MATCH = YES;
				COPY_PHASE_STRIP = NO;
				DEBUG_INFORMATION_FORMAT = dwarf;
				ENABLE_STRICT_OBJC_MSGSEND = YES;
				ENABLE_TESTABILITY = YES;
				GCC_C_LANGUAGE_STANDARD = gnu11;
				GCC_DYNAMIC_NO_PIC = NO;
				GCC_NO_COMMON_BLOCKS = YES;
				GCC_OPTIMIZATION_LEVEL = 0;
				GCC_PREPROCESSOR_DEFINITIONS = (
					"DEBUG=1",
					"$(inherited)",
				);
				GCC_WARN_64_TO_32_BIT_CONVERSION = YES;
				GCC_WARN_ABOUT_RETURN_TYPE = YES_ERROR;
				GCC_WARN_UNDECLARED_SELECTOR = YES;
				GCC_WARN_UNINITIALIZED_AUTOS = YES_AGGRESSIVE;
				GCC_WARN_UNUSED_FUNCTION = YES;
				GCC_WARN_UNUSED_VARIABLE = YES;
				IPHONEOS_DEPLOYMENT_TARGET = 10.0;
				MTL_ENABLE_DEBUG_INFO = INCLUDE_SOURCE;
				MTL_FAST_MATH = YES;
				ONLY_ACTIVE_ARCH = YES;
				SDKROOT = iphoneos;
			};
			name = Debug;
		};
		138363E824D5D80A00F1A772 /* Release */ = {
			isa = XCBuildConfiguration;
			buildSettings = {
				ALWAYS_SEARCH_USER_PATHS = NO;
				CLANG_ANALYZER_NONNULL = YES;
				CLANG_ANALYZER_NUMBER_OBJECT_CONVERSION = YES_AGGRESSIVE;
				CLANG_CXX_LANGUAGE_STANDARD = "gnu++14";
				CLANG_CXX_LIBRARY = "libc++";
				CLANG_ENABLE_MODULES = YES;
				CLANG_ENABLE_OBJC_ARC = YES;
				CLANG_ENABLE_OBJC_WEAK = YES;
				CLANG_WARN_BLOCK_CAPTURE_AUTORELEASING = YES;
				CLANG_WARN_BOOL_CONVERSION = YES;
				CLANG_WARN_COMMA = YES;
				CLANG_WARN_CONSTANT_CONVERSION = YES;
				CLANG_WARN_DEPRECATED_OBJC_IMPLEMENTATIONS = YES;
				CLANG_WARN_DIRECT_OBJC_ISA_USAGE = YES_ERROR;
				CLANG_WARN_DOCUMENTATION_COMMENTS = YES;
				CLANG_WARN_EMPTY_BODY = YES;
				CLANG_WARN_ENUM_CONVERSION = YES;
				CLANG_WARN_INFINITE_RECURSION = YES;
				CLANG_WARN_INT_CONVERSION = YES;
				CLANG_WARN_NON_LITERAL_NULL_CONVERSION = YES;
				CLANG_WARN_OBJC_IMPLICIT_RETAIN_SELF = YES;
				CLANG_WARN_OBJC_LITERAL_CONVERSION = YES;
				CLANG_WARN_OBJC_ROOT_CLASS = YES_ERROR;
				CLANG_WARN_RANGE_LOOP_ANALYSIS = YES;
				CLANG_WARN_STRICT_PROTOTYPES = YES;
				CLANG_WARN_SUSPICIOUS_MOVE = YES;
				CLANG_WARN_UNGUARDED_AVAILABILITY = YES_AGGRESSIVE;
				CLANG_WARN_UNREACHABLE_CODE = YES;
				CLANG_WARN__DUPLICATE_METHOD_MATCH = YES;
				COPY_PHASE_STRIP = NO;
				DEBUG_INFORMATION_FORMAT = "dwarf-with-dsym";
				ENABLE_NS_ASSERTIONS = NO;
				ENABLE_STRICT_OBJC_MSGSEND = YES;
				GCC_C_LANGUAGE_STANDARD = gnu11;
				GCC_NO_COMMON_BLOCKS = YES;
				GCC_WARN_64_TO_32_BIT_CONVERSION = YES;
				GCC_WARN_ABOUT_RETURN_TYPE = YES_ERROR;
				GCC_WARN_UNDECLARED_SELECTOR = YES;
				GCC_WARN_UNINITIALIZED_AUTOS = YES_AGGRESSIVE;
				GCC_WARN_UNUSED_FUNCTION = YES;
				GCC_WARN_UNUSED_VARIABLE = YES;
				IPHONEOS_DEPLOYMENT_TARGET = 10.0;
				MTL_ENABLE_DEBUG_INFO = NO;
				MTL_FAST_MATH = YES;
				SDKROOT = iphoneos;
				VALIDATE_PRODUCT = YES;
			};
			name = Release;
		};
		138363EA24D5D80A00F1A772 /* Debug */ = {
			isa = XCBuildConfiguration;
			buildSettings = {
				ASSETCATALOG_COMPILER_APPICON_NAME = AppIcon;
				CODE_SIGN_STYLE = Automatic;
				INFOPLIST_FILE = OpenGL_ES_005/Info.plist;
				LD_RUNPATH_SEARCH_PATHS = (
					"$(inherited)",
					"@executable_path/Frameworks",
				);
				PRODUCT_BUNDLE_IDENTIFIER = "com.ghostclock.top.OpenGL-ES-005";
				PRODUCT_NAME = "$(TARGET_NAME)";
				TARGETED_DEVICE_FAMILY = "1,2";
			};
			name = Debug;
		};
		138363EB24D5D80A00F1A772 /* Release */ = {
			isa = XCBuildConfiguration;
			buildSettings = {
				ASSETCATALOG_COMPILER_APPICON_NAME = AppIcon;
				CODE_SIGN_STYLE = Automatic;
				INFOPLIST_FILE = OpenGL_ES_005/Info.plist;
				LD_RUNPATH_SEARCH_PATHS = (
					"$(inherited)",
					"@executable_path/Frameworks",
				);
				PRODUCT_BUNDLE_IDENTIFIER = "com.ghostclock.top.OpenGL-ES-005";
				PRODUCT_NAME = "$(TARGET_NAME)";
				TARGETED_DEVICE_FAMILY = "1,2";
			};
			name = Release;
		};
/* End XCBuildConfiguration section */

/* Begin XCConfigurationList section */
		138363CB24D5D80100F1A772 /* Build configuration list for PBXProject "OpenGL_ES_005" */ = {
			isa = XCConfigurationList;
			buildConfigurations = (
				138363E724D5D80A00F1A772 /* Debug */,
				138363E824D5D80A00F1A772 /* Release */,
			);
			defaultConfigurationIsVisible = 0;
			defaultConfigurationName = Release;
		};
		138363E924D5D80A00F1A772 /* Build configuration list for PBXNativeTarget "OpenGL_ES_005" */ = {
			isa = XCConfigurationList;
			buildConfigurations = (
				138363EA24D5D80A00F1A772 /* Debug */,
				138363EB24D5D80A00F1A772 /* Release */,
			);
			defaultConfigurationIsVisible = 0;
			defaultConfigurationName = Release;
		};
/* End XCConfigurationList section */
	};
	rootObject = 138363C824D5D80100F1A772 /* Project object */;
}
