// !$*UTF8*$!
{
	archiveVersion = 1;
	classes = {
	};
	objectVersion = 50;
	objects = {

/* Begin PBXBuildFile section */
		133FEFD224AE2DE500DB4A8A /* Assets.xcassets in Resources */ = {isa = PBXBuildFile; fileRef = 133FEFD124AE2DE500DB4A8A /* Assets.xcassets */; };
		133FEFD524AE2DE500DB4A8A /* Main.storyboard in Resources */ = {isa = PBXBuildFile; fileRef = 133FEFD324AE2DE500DB4A8A /* Main.storyboard */; };
		133FEFE324AE2DE600DB4A8A /* OpenGLDemo01Tests.m in Sources */ = {isa = PBXBuildFile; fileRef = 133FEFE224AE2DE600DB4A8A /* OpenGLDemo01Tests.m */; };
		133FEFEE24AE2DE600DB4A8A /* OpenGLDemo01UITests.m in Sources */ = {isa = PBXBuildFile; fileRef = 133FEFED24AE2DE600DB4A8A /* OpenGLDemo01UITests.m */; };
		133FEFFD24AE2E9100DB4A8A /* OpenGL.framework in Frameworks */ = {isa = PBXBuildFile; fileRef = 133FEFFC24AE2E9100DB4A8A /* OpenGL.framework */; };
		133FEFFF24AE2E9800DB4A8A /* GLUT.framework in Frameworks */ = {isa = PBXBuildFile; fileRef = 133FEFFE24AE2E9800DB4A8A /* GLUT.framework */; };
		133FF01224AE317100DB4A8A /* libGLTools.a in Frameworks */ = {isa = PBXBuildFile; fileRef = 133FF01124AE317100DB4A8A /* libGLTools.a */; };
		133FF01424AE33F500DB4A8A /* main.cpp in Sources */ = {isa = PBXBuildFile; fileRef = 133FF01324AE33F500DB4A8A /* main.cpp */; };
		13DC2F4A24C46724001BF69F /* brick.tga in Resources */ = {isa = PBXBuildFile; fileRef = 13DC2F4824C43E72001BF69F /* brick.tga */; };
/* End PBXBuildFile section */

/* Begin PBXContainerItemProxy section */
		133FEFDF24AE2DE600DB4A8A /* PBXContainerItemProxy */ = {
			isa = PBXContainerItemProxy;
			containerPortal = 133FEFC024AE2DDE00DB4A8A /* Project object */;
			proxyType = 1;
			remoteGlobalIDString = 133FEFC724AE2DDE00DB4A8A;
			remoteInfo = OpenGLDemo01;
		};
		133FEFEA24AE2DE600DB4A8A /* PBXContainerItemProxy */ = {
			isa = PBXContainerItemProxy;
			containerPortal = 133FEFC024AE2DDE00DB4A8A /* Project object */;
			proxyType = 1;
			remoteGlobalIDString = 133FEFC724AE2DDE00DB4A8A;
			remoteInfo = OpenGLDemo01;
		};
/* End PBXContainerItemProxy section */

/* Begin PBXFileReference section */
		133FEFC824AE2DDE00DB4A8A /* OpenGLDemo01.app */ = {isa = PBXFileReference; explicitFileType = wrapper.application; includeInIndex = 0; path = OpenGLDemo01.app; sourceTree = BUILT_PRODUCTS_DIR; };
		133FEFD124AE2DE500DB4A8A /* Assets.xcassets */ = {isa = PBXFileReference; lastKnownFileType = folder.assetcatalog; path = Assets.xcassets; sourceTree = "<group>"; };
		133FEFD424AE2DE500DB4A8A /* Base */ = {isa = PBXFileReference; lastKnownFileType = file.storyboard; name = Base; path = Base.lproj/Main.storyboard; sourceTree = "<group>"; };
		133FEFD624AE2DE500DB4A8A /* Info.plist */ = {isa = PBXFileReference; lastKnownFileType = text.plist.xml; path = Info.plist; sourceTree = "<group>"; };
		133FEFD924AE2DE500DB4A8A /* OpenGLDemo01.entitlements */ = {isa = PBXFileReference; lastKnownFileType = text.plist.entitlements; path = OpenGLDemo01.entitlements; sourceTree = "<group>"; };
		133FEFDE24AE2DE600DB4A8A /* OpenGLDemo01Tests.xctest */ = {isa = PBXFileReference; explicitFileType = wrapper.cfbundle; includeInIndex = 0; path = OpenGLDemo01Tests.xctest; sourceTree = BUILT_PRODUCTS_DIR; };
		133FEFE224AE2DE600DB4A8A /* OpenGLDemo01Tests.m */ = {isa = PBXFileReference; lastKnownFileType = sourcecode.c.objc; path = OpenGLDemo01Tests.m; sourceTree = "<group>"; };
		133FEFE424AE2DE600DB4A8A /* Info.plist */ = {isa = PBXFileReference; lastKnownFileType = text.plist.xml; path = Info.plist; sourceTree = "<group>"; };
		133FEFE924AE2DE600DB4A8A /* OpenGLDemo01UITests.xctest */ = {isa = PBXFileReference; explicitFileType = wrapper.cfbundle; includeInIndex = 0; path = OpenGLDemo01UITests.xctest; sourceTree = BUILT_PRODUCTS_DIR; };
		133FEFED24AE2DE600DB4A8A /* OpenGLDemo01UITests.m */ = {isa = PBXFileReference; lastKnownFileType = sourcecode.c.objc; path = OpenGLDemo01UITests.m; sourceTree = "<group>"; };
		133FEFEF24AE2DE600DB4A8A /* Info.plist */ = {isa = PBXFileReference; lastKnownFileType = text.plist.xml; path = Info.plist; sourceTree = "<group>"; };
		133FEFFC24AE2E9100DB4A8A /* OpenGL.framework */ = {isa = PBXFileReference; lastKnownFileType = wrapper.framework; name = OpenGL.framework; path = System/Library/Frameworks/OpenGL.framework; sourceTree = SDKROOT; };
		133FEFFE24AE2E9800DB4A8A /* GLUT.framework */ = {isa = PBXFileReference; lastKnownFileType = wrapper.framework; name = GLUT.framework; path = System/Library/Frameworks/GLUT.framework; sourceTree = SDKROOT; };
		133FF00224AE317100DB4A8A /* GLBatchBase.h */ = {isa = PBXFileReference; fileEncoding = 4; lastKnownFileType = sourcecode.c.h; path = GLBatchBase.h; sourceTree = "<group>"; };
		133FF00324AE317100DB4A8A /* math3d.h */ = {isa = PBXFileReference; fileEncoding = 4; lastKnownFileType = sourcecode.c.h; path = math3d.h; sourceTree = "<group>"; };
		133FF00424AE317100DB4A8A /* GLTriangleBatch.h */ = {isa = PBXFileReference; fileEncoding = 4; lastKnownFileType = sourcecode.c.h; path = GLTriangleBatch.h; sourceTree = "<group>"; };
		133FF00524AE317100DB4A8A /* GLBatch.h */ = {isa = PBXFileReference; fileEncoding = 4; lastKnownFileType = sourcecode.c.h; path = GLBatch.h; sourceTree = "<group>"; };
		133FF00624AE317100DB4A8A /* GLMatrixStack.h */ = {isa = PBXFileReference; fileEncoding = 4; lastKnownFileType = sourcecode.c.h; path = GLMatrixStack.h; sourceTree = "<group>"; };
		133FF00724AE317100DB4A8A /* GLFrame.h */ = {isa = PBXFileReference; fileEncoding = 4; lastKnownFileType = sourcecode.c.h; path = GLFrame.h; sourceTree = "<group>"; };
		133FF00824AE317100DB4A8A /* GLFrustum.h */ = {isa = PBXFileReference; fileEncoding = 4; lastKnownFileType = sourcecode.c.h; path = GLFrustum.h; sourceTree = "<group>"; };
		133FF00924AE317100DB4A8A /* GLGeometryTransform.h */ = {isa = PBXFileReference; fileEncoding = 4; lastKnownFileType = sourcecode.c.h; path = GLGeometryTransform.h; sourceTree = "<group>"; };
		133FF00A24AE317100DB4A8A /* GLShaderManager.h */ = {isa = PBXFileReference; fileEncoding = 4; lastKnownFileType = sourcecode.c.h; path = GLShaderManager.h; sourceTree = "<group>"; };
		133FF00B24AE317100DB4A8A /* StopWatch.h */ = {isa = PBXFileReference; fileEncoding = 4; lastKnownFileType = sourcecode.c.h; path = StopWatch.h; sourceTree = "<group>"; };
		133FF00D24AE317100DB4A8A /* glxew.h */ = {isa = PBXFileReference; fileEncoding = 4; lastKnownFileType = sourcecode.c.h; path = glxew.h; sourceTree = "<group>"; };
		133FF00E24AE317100DB4A8A /* wglew.h */ = {isa = PBXFileReference; fileEncoding = 4; lastKnownFileType = sourcecode.c.h; path = wglew.h; sourceTree = "<group>"; };
		133FF00F24AE317100DB4A8A /* glew.h */ = {isa = PBXFileReference; fileEncoding = 4; lastKnownFileType = sourcecode.c.h; path = glew.h; sourceTree = "<group>"; };
		133FF01024AE317100DB4A8A /* GLTools.h */ = {isa = PBXFileReference; fileEncoding = 4; lastKnownFileType = sourcecode.c.h; path = GLTools.h; sourceTree = "<group>"; };
		133FF01124AE317100DB4A8A /* libGLTools.a */ = {isa = PBXFileReference; lastKnownFileType = archive.ar; path = libGLTools.a; sourceTree = "<group>"; };
		133FF01324AE33F500DB4A8A /* main.cpp */ = {isa = PBXFileReference; fileEncoding = 4; lastKnownFileType = sourcecode.cpp.cpp; path = main.cpp; sourceTree = "<group>"; };
		13DC2F4824C43E72001BF69F /* brick.tga */ = {isa = PBXFileReference; lastKnownFileType = file; path = brick.tga; sourceTree = "<group>"; };
/* End PBXFileReference section */

/* Begin PBXFrameworksBuildPhase section */
		133FEFC524AE2DDE00DB4A8A /* Frameworks */ = {
			isa = PBXFrameworksBuildPhase;
			buildActionMask = 2147483647;
			files = (
				133FF01224AE317100DB4A8A /* libGLTools.a in Frameworks */,
				133FEFFF24AE2E9800DB4A8A /* GLUT.framework in Frameworks */,
				133FEFFD24AE2E9100DB4A8A /* OpenGL.framework in Frameworks */,
			);
			runOnlyForDeploymentPostprocessing = 0;
		};
		133FEFDB24AE2DE600DB4A8A /* Frameworks */ = {
			isa = PBXFrameworksBuildPhase;
			buildActionMask = 2147483647;
			files = (
			);
			runOnlyForDeploymentPostprocessing = 0;
		};
		133FEFE624AE2DE600DB4A8A /* Frameworks */ = {
			isa = PBXFrameworksBuildPhase;
			buildActionMask = 2147483647;
			files = (
			);
			runOnlyForDeploymentPostprocessing = 0;
		};
/* End PBXFrameworksBuildPhase section */

/* Begin PBXGroup section */
		133FEFBF24AE2DDE00DB4A8A = {
			isa = PBXGroup;
			children = (
				133FEFCA24AE2DDE00DB4A8A /* OpenGLDemo01 */,
				133FEFE124AE2DE600DB4A8A /* OpenGLDemo01Tests */,
				133FEFEC24AE2DE600DB4A8A /* OpenGLDemo01UITests */,
				133FEFC924AE2DDE00DB4A8A /* Products */,
				133FEFFB24AE2E9100DB4A8A /* Frameworks */,
			);
			sourceTree = "<group>";
		};
		133FEFC924AE2DDE00DB4A8A /* Products */ = {
			isa = PBXGroup;
			children = (
				133FEFC824AE2DDE00DB4A8A /* OpenGLDemo01.app */,
				133FEFDE24AE2DE600DB4A8A /* OpenGLDemo01Tests.xctest */,
				133FEFE924AE2DE600DB4A8A /* OpenGLDemo01UITests.xctest */,
			);
			name = Products;
			sourceTree = "<group>";
		};
		133FEFCA24AE2DDE00DB4A8A /* OpenGLDemo01 */ = {
			isa = PBXGroup;
			children = (
				133FF00024AE317100DB4A8A /* libGLTools */,
				133FEFD124AE2DE500DB4A8A /* Assets.xcassets */,
				133FEFD324AE2DE500DB4A8A /* Main.storyboard */,
				133FEFD624AE2DE500DB4A8A /* Info.plist */,
				133FF01324AE33F500DB4A8A /* main.cpp */,
				13DC2F4824C43E72001BF69F /* brick.tga */,
				133FEFD924AE2DE500DB4A8A /* OpenGLDemo01.entitlements */,
			);
			path = OpenGLDemo01;
			sourceTree = "<group>";
		};
		133FEFE124AE2DE600DB4A8A /* OpenGLDemo01Tests */ = {
			isa = PBXGroup;
			children = (
				133FEFE224AE2DE600DB4A8A /* OpenGLDemo01Tests.m */,
				133FEFE424AE2DE600DB4A8A /* Info.plist */,
			);
			path = OpenGLDemo01Tests;
			sourceTree = "<group>";
		};
		133FEFEC24AE2DE600DB4A8A /* OpenGLDemo01UITests */ = {
			isa = PBXGroup;
			children = (
				133FEFED24AE2DE600DB4A8A /* OpenGLDemo01UITests.m */,
				133FEFEF24AE2DE600DB4A8A /* Info.plist */,
			);
			path = OpenGLDemo01UITests;
			sourceTree = "<group>";
		};
		133FEFFB24AE2E9100DB4A8A /* Frameworks */ = {
			isa = PBXGroup;
			children = (
				133FEFFE24AE2E9800DB4A8A /* GLUT.framework */,
				133FEFFC24AE2E9100DB4A8A /* OpenGL.framework */,
			);
			name = Frameworks;
			sourceTree = "<group>";
		};
		133FF00024AE317100DB4A8A /* libGLTools */ = {
			isa = PBXGroup;
			children = (
				133FF00124AE317100DB4A8A /* include */,
				133FF01124AE317100DB4A8A /* libGLTools.a */,
			);
			name = libGLTools;
			path = ../../source/libGLTools;
			sourceTree = "<group>";
		};
		133FF00124AE317100DB4A8A /* include */ = {
			isa = PBXGroup;
			children = (
				133FF00224AE317100DB4A8A /* GLBatchBase.h */,
				133FF00324AE317100DB4A8A /* math3d.h */,
				133FF00424AE317100DB4A8A /* GLTriangleBatch.h */,
				133FF00524AE317100DB4A8A /* GLBatch.h */,
				133FF00624AE317100DB4A8A /* GLMatrixStack.h */,
				133FF00724AE317100DB4A8A /* GLFrame.h */,
				133FF00824AE317100DB4A8A /* GLFrustum.h */,
				133FF00924AE317100DB4A8A /* GLGeometryTransform.h */,
				133FF00A24AE317100DB4A8A /* GLShaderManager.h */,
				133FF00B24AE317100DB4A8A /* StopWatch.h */,
				133FF00C24AE317100DB4A8A /* GL */,
				133FF01024AE317100DB4A8A /* GLTools.h */,
			);
			path = include;
			sourceTree = "<group>";
		};
		133FF00C24AE317100DB4A8A /* GL */ = {
			isa = PBXGroup;
			children = (
				133FF00D24AE317100DB4A8A /* glxew.h */,
				133FF00E24AE317100DB4A8A /* wglew.h */,
				133FF00F24AE317100DB4A8A /* glew.h */,
			);
			path = GL;
			sourceTree = "<group>";
		};
/* End PBXGroup section */

/* Begin PBXNativeTarget section */
		133FEFC724AE2DDE00DB4A8A /* OpenGLDemo01 */ = {
			isa = PBXNativeTarget;
			buildConfigurationList = 133FEFF224AE2DE600DB4A8A /* Build configuration list for PBXNativeTarget "OpenGLDemo01" */;
			buildPhases = (
				133FEFC424AE2DDE00DB4A8A /* Sources */,
				133FEFC524AE2DDE00DB4A8A /* Frameworks */,
				133FEFC624AE2DDE00DB4A8A /* Resources */,
			);
			buildRules = (
			);
			dependencies = (
			);
			name = OpenGLDemo01;
			productName = OpenGLDemo01;
			productReference = 133FEFC824AE2DDE00DB4A8A /* OpenGLDemo01.app */;
			productType = "com.apple.product-type.application";
		};
		133FEFDD24AE2DE600DB4A8A /* OpenGLDemo01Tests */ = {
			isa = PBXNativeTarget;
			buildConfigurationList = 133FEFF524AE2DE600DB4A8A /* Build configuration list for PBXNativeTarget "OpenGLDemo01Tests" */;
			buildPhases = (
				133FEFDA24AE2DE600DB4A8A /* Sources */,
				133FEFDB24AE2DE600DB4A8A /* Frameworks */,
				133FEFDC24AE2DE600DB4A8A /* Resources */,
			);
			buildRules = (
			);
			dependencies = (
				133FEFE024AE2DE600DB4A8A /* PBXTargetDependency */,
			);
			name = OpenGLDemo01Tests;
			productName = OpenGLDemo01Tests;
			productReference = 133FEFDE24AE2DE600DB4A8A /* OpenGLDemo01Tests.xctest */;
			productType = "com.apple.product-type.bundle.unit-test";
		};
		133FEFE824AE2DE600DB4A8A /* OpenGLDemo01UITests */ = {
			isa = PBXNativeTarget;
			buildConfigurationList = 133FEFF824AE2DE600DB4A8A /* Build configuration list for PBXNativeTarget "OpenGLDemo01UITests" */;
			buildPhases = (
				133FEFE524AE2DE600DB4A8A /* Sources */,
				133FEFE624AE2DE600DB4A8A /* Frameworks */,
				133FEFE724AE2DE600DB4A8A /* Resources */,
			);
			buildRules = (
			);
			dependencies = (
				133FEFEB24AE2DE600DB4A8A /* PBXTargetDependency */,
			);
			name = OpenGLDemo01UITests;
			productName = OpenGLDemo01UITests;
			productReference = 133FEFE924AE2DE600DB4A8A /* OpenGLDemo01UITests.xctest */;
			productType = "com.apple.product-type.bundle.ui-testing";
		};
/* End PBXNativeTarget section */

/* Begin PBXProject section */
		133FEFC024AE2DDE00DB4A8A /* Project object */ = {
			isa = PBXProject;
			attributes = {
				LastUpgradeCheck = 1150;
				ORGANIZATIONNAME = GhostClock;
				TargetAttributes = {
					133FEFC724AE2DDE00DB4A8A = {
						CreatedOnToolsVersion = 11.5;
					};
					133FEFDD24AE2DE600DB4A8A = {
						CreatedOnToolsVersion = 11.5;
						TestTargetID = 133FEFC724AE2DDE00DB4A8A;
					};
					133FEFE824AE2DE600DB4A8A = {
						CreatedOnToolsVersion = 11.5;
						TestTargetID = 133FEFC724AE2DDE00DB4A8A;
					};
				};
			};
			buildConfigurationList = 133FEFC324AE2DDE00DB4A8A /* Build configuration list for PBXProject "OpenGLDemo01" */;
			compatibilityVersion = "Xcode 9.3";
			developmentRegion = en;
			hasScannedForEncodings = 0;
			knownRegions = (
				en,
				Base,
			);
			mainGroup = 133FEFBF24AE2DDE00DB4A8A;
			productRefGroup = 133FEFC924AE2DDE00DB4A8A /* Products */;
			projectDirPath = "";
			projectRoot = "";
			targets = (
				133FEFC724AE2DDE00DB4A8A /* OpenGLDemo01 */,
				133FEFDD24AE2DE600DB4A8A /* OpenGLDemo01Tests */,
				133FEFE824AE2DE600DB4A8A /* OpenGLDemo01UITests */,
			);
		};
/* End PBXProject section */

/* Begin PBXResourcesBuildPhase section */
		133FEFC624AE2DDE00DB4A8A /* Resources */ = {
			isa = PBXResourcesBuildPhase;
			buildActionMask = 2147483647;
			files = (
				13DC2F4A24C46724001BF69F /* brick.tga in Resources */,
				133FEFD224AE2DE500DB4A8A /* Assets.xcassets in Resources */,
				133FEFD524AE2DE500DB4A8A /* Main.storyboard in Resources */,
			);
			runOnlyForDeploymentPostprocessing = 0;
		};
		133FEFDC24AE2DE600DB4A8A /* Resources */ = {
			isa = PBXResourcesBuildPhase;
			buildActionMask = 2147483647;
			files = (
			);
			runOnlyForDeploymentPostprocessing = 0;
		};
		133FEFE724AE2DE600DB4A8A /* Resources */ = {
			isa = PBXResourcesBuildPhase;
			buildActionMask = 2147483647;
			files = (
			);
			runOnlyForDeploymentPostprocessing = 0;
		};
/* End PBXResourcesBuildPhase section */

/* Begin PBXSourcesBuildPhase section */
		133FEFC424AE2DDE00DB4A8A /* Sources */ = {
			isa = PBXSourcesBuildPhase;
			buildActionMask = 2147483647;
			files = (
				133FF01424AE33F500DB4A8A /* main.cpp in Sources */,
			);
			runOnlyForDeploymentPostprocessing = 0;
		};
		133FEFDA24AE2DE600DB4A8A /* Sources */ = {
			isa = PBXSourcesBuildPhase;
			buildActionMask = 2147483647;
			files = (
				133FEFE324AE2DE600DB4A8A /* OpenGLDemo01Tests.m in Sources */,
			);
			runOnlyForDeploymentPostprocessing = 0;
		};
		133FEFE524AE2DE600DB4A8A /* Sources */ = {
			isa = PBXSourcesBuildPhase;
			buildActionMask = 2147483647;
			files = (
				133FEFEE24AE2DE600DB4A8A /* OpenGLDemo01UITests.m in Sources */,
			);
			runOnlyForDeploymentPostprocessing = 0;
		};
/* End PBXSourcesBuildPhase section */

/* Begin PBXTargetDependency section */
		133FEFE024AE2DE600DB4A8A /* PBXTargetDependency */ = {
			isa = PBXTargetDependency;
			target = 133FEFC724AE2DDE00DB4A8A /* OpenGLDemo01 */;
			targetProxy = 133FEFDF24AE2DE600DB4A8A /* PBXContainerItemProxy */;
		};
		133FEFEB24AE2DE600DB4A8A /* PBXTargetDependency */ = {
			isa = PBXTargetDependency;
			target = 133FEFC724AE2DDE00DB4A8A /* OpenGLDemo01 */;
			targetProxy = 133FEFEA24AE2DE600DB4A8A /* PBXContainerItemProxy */;
		};
/* End PBXTargetDependency section */

/* Begin PBXVariantGroup section */
		133FEFD324AE2DE500DB4A8A /* Main.storyboard */ = {
			isa = PBXVariantGroup;
			children = (
				133FEFD424AE2DE500DB4A8A /* Base */,
			);
			name = Main.storyboard;
			sourceTree = "<group>";
		};
/* End PBXVariantGroup section */

/* Begin XCBuildConfiguration section */
		133FEFF024AE2DE600DB4A8A /* Debug */ = {
			isa = XCBuildConfiguration;
			buildSettings = {
				ALWAYS_SEARCH_USER_PATHS = NO;
				CLANG_ANALYZER_NONNULL = YES;
				CLANG_ANALYZER_NUMBER_OBJECT_CONVERSION = YES_AGGRESSIVE;
				CLANG_CXX_LANGUAGE_STANDARD = "gnu++14";
				CLANG_CXX_LIBRARY = "libc++";
				CLANG_ENABLE_MODULES = YES;
				CLANG_ENABLE_OBJC_ARC = YES;
				CLANG_ENABLE_OBJC_WEAK = YES;
				CLANG_WARN_BLOCK_CAPTURE_AUTORELEASING = YES;
				CLANG_WARN_BOOL_CONVERSION = YES;
				CLANG_WARN_COMMA = YES;
				CLANG_WARN_CONSTANT_CONVERSION = YES;
				CLANG_WARN_DEPRECATED_OBJC_IMPLEMENTATIONS = YES;
				CLANG_WARN_DIRECT_OBJC_ISA_USAGE = YES_ERROR;
				CLANG_WARN_DOCUMENTATION_COMMENTS = YES;
				CLANG_WARN_EMPTY_BODY = YES;
				CLANG_WARN_ENUM_CONVERSION = YES;
				CLANG_WARN_INFINITE_RECURSION = YES;
				CLANG_WARN_INT_CONVERSION = YES;
				CLANG_WARN_NON_LITERAL_NULL_CONVERSION = YES;
				CLANG_WARN_OBJC_IMPLICIT_RETAIN_SELF = YES;
				CLANG_WARN_OBJC_LITERAL_CONVERSION = YES;
				CLANG_WARN_OBJC_ROOT_CLASS = YES_ERROR;
				CLANG_WARN_RANGE_LOOP_ANALYSIS = YES;
				CLANG_WARN_STRICT_PROTOTYPES = YES;
				CLANG_WARN_SUSPICIOUS_MOVE = YES;
				CLANG_WARN_UNGUARDED_AVAILABILITY = YES_AGGRESSIVE;
				CLANG_WARN_UNREACHABLE_CODE = YES;
				CLANG_WARN__DUPLICATE_METHOD_MATCH = YES;
				COPY_PHASE_STRIP = NO;
				DEBUG_INFORMATION_FORMAT = dwarf;
				ENABLE_STRICT_OBJC_MSGSEND = YES;
				ENABLE_TESTABILITY = YES;
				GCC_C_LANGUAGE_STANDARD = gnu11;
				GCC_DYNAMIC_NO_PIC = NO;
				GCC_NO_COMMON_BLOCKS = YES;
				GCC_OPTIMIZATION_LEVEL = 0;
				GCC_PREPROCESSOR_DEFINITIONS = (
					"DEBUG=1",
					"$(inherited)",
				);
				GCC_WARN_64_TO_32_BIT_CONVERSION = YES;
				GCC_WARN_ABOUT_RETURN_TYPE = YES_ERROR;
				GCC_WARN_UNDECLARED_SELECTOR = YES;
				GCC_WARN_UNINITIALIZED_AUTOS = YES_AGGRESSIVE;
				GCC_WARN_UNUSED_FUNCTION = YES;
				GCC_WARN_UNUSED_VARIABLE = YES;
				MACOSX_DEPLOYMENT_TARGET = 10.15;
				MTL_ENABLE_DEBUG_INFO = INCLUDE_SOURCE;
				MTL_FAST_MATH = YES;
				ONLY_ACTIVE_ARCH = YES;
				SDKROOT = macosx;
			};
			name = Debug;
		};
		133FEFF124AE2DE600DB4A8A /* Release */ = {
			isa = XCBuildConfiguration;
			buildSettings = {
				ALWAYS_SEARCH_USER_PATHS = NO;
				CLANG_ANALYZER_NONNULL = YES;
				CLANG_ANALYZER_NUMBER_OBJECT_CONVERSION = YES_AGGRESSIVE;
				CLANG_CXX_LANGUAGE_STANDARD = "gnu++14";
				CLANG_CXX_LIBRARY = "libc++";
				CLANG_ENABLE_MODULES = YES;
				CLANG_ENABLE_OBJC_ARC = YES;
				CLANG_ENABLE_OBJC_WEAK = YES;
				CLANG_WARN_BLOCK_CAPTURE_AUTORELEASING = YES;
				CLANG_WARN_BOOL_CONVERSION = YES;
				CLANG_WARN_COMMA = YES;
				CLANG_WARN_CONSTANT_CONVERSION = YES;
				CLANG_WARN_DEPRECATED_OBJC_IMPLEMENTATIONS = YES;
				CLANG_WARN_DIRECT_OBJC_ISA_USAGE = YES_ERROR;
				CLANG_WARN_DOCUMENTATION_COMMENTS = YES;
				CLANG_WARN_EMPTY_BODY = YES;
				CLANG_WARN_ENUM_CONVERSION = YES;
				CLANG_WARN_INFINITE_RECURSION = YES;
				CLANG_WARN_INT_CONVERSION = YES;
				CLANG_WARN_NON_LITERAL_NULL_CONVERSION = YES;
				CLANG_WARN_OBJC_IMPLICIT_RETAIN_SELF = YES;
				CLANG_WARN_OBJC_LITERAL_CONVERSION = YES;
				CLANG_WARN_OBJC_ROOT_CLASS = YES_ERROR;
				CLANG_WARN_RANGE_LOOP_ANALYSIS = YES;
				CLANG_WARN_STRICT_PROTOTYPES = YES;
				CLANG_WARN_SUSPICIOUS_MOVE = YES;
				CLANG_WARN_UNGUARDED_AVAILABILITY = YES_AGGRESSIVE;
				CLANG_WARN_UNREACHABLE_CODE = YES;
				CLANG_WARN__DUPLICATE_METHOD_MATCH = YES;
				COPY_PHASE_STRIP = NO;
				DEBUG_INFORMATION_FORMAT = "dwarf-with-dsym";
				ENABLE_NS_ASSERTIONS = NO;
				ENABLE_STRICT_OBJC_MSGSEND = YES;
				GCC_C_LANGUAGE_STANDARD = gnu11;
				GCC_NO_COMMON_BLOCKS = YES;
				GCC_WARN_64_TO_32_BIT_CONVERSION = YES;
				GCC_WARN_ABOUT_RETURN_TYPE = YES_ERROR;
				GCC_WARN_UNDECLARED_SELECTOR = YES;
				GCC_WARN_UNINITIALIZED_AUTOS = YES_AGGRESSIVE;
				GCC_WARN_UNUSED_FUNCTION = YES;
				GCC_WARN_UNUSED_VARIABLE = YES;
				MACOSX_DEPLOYMENT_TARGET = 10.15;
				MTL_ENABLE_DEBUG_INFO = NO;
				MTL_FAST_MATH = YES;
				SDKROOT = macosx;
			};
			name = Release;
		};
		133FEFF324AE2DE600DB4A8A /* Debug */ = {
			isa = XCBuildConfiguration;
			buildSettings = {
				ASSETCATALOG_COMPILER_APPICON_NAME = AppIcon;
				CODE_SIGN_ENTITLEMENTS = OpenGLDemo01/OpenGLDemo01.entitlements;
				CODE_SIGN_STYLE = Automatic;
				COMBINE_HIDPI_IMAGES = YES;
				GCC_WARN_ABOUT_DEPRECATED_FUNCTIONS = NO;
				HEADER_SEARCH_PATHS = "${PROJECT_DIR}/../source/libGLTools/include";
				INFOPLIST_FILE = OpenGLDemo01/Info.plist;
				LD_RUNPATH_SEARCH_PATHS = (
					"$(inherited)",
					"@executable_path/../Frameworks",
				);
				LIBRARY_SEARCH_PATHS = "${PROJECT_DIR}/../source/libGLTools/";
				PRODUCT_BUNDLE_IDENTIFIER = com.ghostclock.OpenGLDemo01;
				PRODUCT_NAME = "$(TARGET_NAME)";
			};
			name = Debug;
		};
		133FEFF424AE2DE600DB4A8A /* Release */ = {
			isa = XCBuildConfiguration;
			buildSettings = {
				ASSETCATALOG_COMPILER_APPICON_NAME = AppIcon;
				CODE_SIGN_ENTITLEMENTS = OpenGLDemo01/OpenGLDemo01.entitlements;
				CODE_SIGN_STYLE = Automatic;
				COMBINE_HIDPI_IMAGES = YES;
				GCC_WARN_ABOUT_DEPRECATED_FUNCTIONS = NO;
				HEADER_SEARCH_PATHS = "${PROJECT_DIR}/../source/libGLTools/include";
				INFOPLIST_FILE = OpenGLDemo01/Info.plist;
				LD_RUNPATH_SEARCH_PATHS = (
					"$(inherited)",
					"@executable_path/../Frameworks",
				);
				LIBRARY_SEARCH_PATHS = "${PROJECT_DIR}/../source/libGLTools/";
				PRODUCT_BUNDLE_IDENTIFIER = com.ghostclock.OpenGLDemo01;
				PRODUCT_NAME = "$(TARGET_NAME)";
			};
			name = Release;
		};
		133FEFF624AE2DE600DB4A8A /* Debug */ = {
			isa = XCBuildConfiguration;
			buildSettings = {
				BUNDLE_LOADER = "$(TEST_HOST)";
				CODE_SIGN_STYLE = Automatic;
				COMBINE_HIDPI_IMAGES = YES;
				INFOPLIST_FILE = OpenGLDemo01Tests/Info.plist;
				LD_RUNPATH_SEARCH_PATHS = (
					"$(inherited)",
					"@executable_path/../Frameworks",
					"@loader_path/../Frameworks",
				);
				MACOSX_DEPLOYMENT_TARGET = 10.15;
				PRODUCT_BUNDLE_IDENTIFIER = com.ghostclock.preference.OpenGLDemo01Tests;
				PRODUCT_NAME = "$(TARGET_NAME)";
				TEST_HOST = "$(BUILT_PRODUCTS_DIR)/OpenGLDemo01.app/Contents/MacOS/OpenGLDemo01";
			};
			name = Debug;
		};
		133FEFF724AE2DE600DB4A8A /* Release */ = {
			isa = XCBuildConfiguration;
			buildSettings = {
				BUNDLE_LOADER = "$(TEST_HOST)";
				CODE_SIGN_STYLE = Automatic;
				COMBINE_HIDPI_IMAGES = YES;
				INFOPLIST_FILE = OpenGLDemo01Tests/Info.plist;
				LD_RUNPATH_SEARCH_PATHS = (
					"$(inherited)",
					"@executable_path/../Frameworks",
					"@loader_path/../Frameworks",
				);
				MACOSX_DEPLOYMENT_TARGET = 10.15;
				PRODUCT_BUNDLE_IDENTIFIER = com.ghostclock.preference.OpenGLDemo01Tests;
				PRODUCT_NAME = "$(TARGET_NAME)";
				TEST_HOST = "$(BUILT_PRODUCTS_DIR)/OpenGLDemo01.app/Contents/MacOS/OpenGLDemo01";
			};
			name = Release;
		};
		133FEFF924AE2DE600DB4A8A /* Debug */ = {
			isa = XCBuildConfiguration;
			buildSettings = {
				CODE_SIGN_STYLE = Automatic;
				COMBINE_HIDPI_IMAGES = YES;
				INFOPLIST_FILE = OpenGLDemo01UITests/Info.plist;
				LD_RUNPATH_SEARCH_PATHS = (
					"$(inherited)",
					"@executable_path/../Frameworks",
					"@loader_path/../Frameworks",
				);
				PRODUCT_BUNDLE_IDENTIFIER = com.ghostclock.preference.OpenGLDemo01UITests;
				PRODUCT_NAME = "$(TARGET_NAME)";
				TEST_TARGET_NAME = OpenGLDemo01;
			};
			name = Debug;
		};
		133FEFFA24AE2DE600DB4A8A /* Release */ = {
			isa = XCBuildConfiguration;
			buildSettings = {
				CODE_SIGN_STYLE = Automatic;
				COMBINE_HIDPI_IMAGES = YES;
				INFOPLIST_FILE = OpenGLDemo01UITests/Info.plist;
				LD_RUNPATH_SEARCH_PATHS = (
					"$(inherited)",
					"@executable_path/../Frameworks",
					"@loader_path/../Frameworks",
				);
				PRODUCT_BUNDLE_IDENTIFIER = com.ghostclock.preference.OpenGLDemo01UITests;
				PRODUCT_NAME = "$(TARGET_NAME)";
				TEST_TARGET_NAME = OpenGLDemo01;
			};
			name = Release;
		};
/* End XCBuildConfiguration section */

/* Begin XCConfigurationList section */
		133FEFC324AE2DDE00DB4A8A /* Build configuration list for PBXProject "OpenGLDemo01" */ = {
			isa = XCConfigurationList;
			buildConfigurations = (
				133FEFF024AE2DE600DB4A8A /* Debug */,
				133FEFF124AE2DE600DB4A8A /* Release */,
			);
			defaultConfigurationIsVisible = 0;
			defaultConfigurationName = Release;
		};
		133FEFF224AE2DE600DB4A8A /* Build configuration list for PBXNativeTarget "OpenGLDemo01" */ = {
			isa = XCConfigurationList;
			buildConfigurations = (
				133FEFF324AE2DE600DB4A8A /* Debug */,
				133FEFF424AE2DE600DB4A8A /* Release */,
			);
			defaultConfigurationIsVisible = 0;
			defaultConfigurationName = Release;
		};
		133FEFF524AE2DE600DB4A8A /* Build configuration list for PBXNativeTarget "OpenGLDemo01Tests" */ = {
			isa = XCConfigurationList;
			buildConfigurations = (
				133FEFF624AE2DE600DB4A8A /* Debug */,
				133FEFF724AE2DE600DB4A8A /* Release */,
			);
			defaultConfigurationIsVisible = 0;
			defaultConfigurationName = Release;
		};
		133FEFF824AE2DE600DB4A8A /* Build configuration list for PBXNativeTarget "OpenGLDemo01UITests" */ = {
			isa = XCConfigurationList;
			buildConfigurations = (
				133FEFF924AE2DE600DB4A8A /* Debug */,
				133FEFFA24AE2DE600DB4A8A /* Release */,
			);
			defaultConfigurationIsVisible = 0;
			defaultConfigurationName = Release;
		};
/* End XCConfigurationList section */
	};
	rootObject = 133FEFC024AE2DDE00DB4A8A /* Project object */;
}
